// !$*UTF8*$!
{
	archiveVersion = 1;
	classes = {
	};
	objectVersion = 55;
	objects = {

/* Begin PBXBuildFile section */
		500842C527CF48BB003B4AED /* RipeningView.swift in Sources */ = {isa = PBXBuildFile; fileRef = 500842C427CF48BB003B4AED /* RipeningView.swift */; };
		500842C727D0B16D003B4AED /* RipeningModel.swift in Sources */ = {isa = PBXBuildFile; fileRef = 500842C627D0B16D003B4AED /* RipeningModel.swift */; };
		500842C927D0B2CD003B4AED /* RipeningData.swift in Sources */ = {isa = PBXBuildFile; fileRef = 500842C827D0B2CD003B4AED /* RipeningData.swift */; };
		5020969227CADECE007AF858 /* FactsModel.swift in Sources */ = {isa = PBXBuildFile; fileRef = 5020969127CADECE007AF858 /* FactsModel.swift */; };
		5020969427CAE232007AF858 /* FactData.swift in Sources */ = {isa = PBXBuildFile; fileRef = 5020969327CAE232007AF858 /* FactData.swift */; };
		5020969627CAECBB007AF858 /* RecipeModel.swift in Sources */ = {isa = PBXBuildFile; fileRef = 5020969527CAECBB007AF858 /* RecipeModel.swift */; };
		5020969827CAF3B5007AF858 /* RecipeData.swift in Sources */ = {isa = PBXBuildFile; fileRef = 5020969727CAF3B5007AF858 /* RecipeData.swift */; };
		5020969A27CAF870007AF858 /* RecipeCardView.swift in Sources */ = {isa = PBXBuildFile; fileRef = 5020969927CAF86F007AF858 /* RecipeCardView.swift */; };
		5020969C27CC0B63007AF858 /* RecipeRatingView.swift in Sources */ = {isa = PBXBuildFile; fileRef = 5020969B27CC0B63007AF858 /* RecipeRatingView.swift */; };
		5020969E27CC0CA7007AF858 /* RecipeCookingView.swift in Sources */ = {isa = PBXBuildFile; fileRef = 5020969D27CC0CA7007AF858 /* RecipeCookingView.swift */; };
		502096A027CC2601007AF858 /* RecipeDetailView.swift in Sources */ = {isa = PBXBuildFile; fileRef = 5020969F27CC2601007AF858 /* RecipeDetailView.swift */; };
		5027043327C806A300264271 /* HeaderModel.swift in Sources */ = {isa = PBXBuildFile; fileRef = 5027043227C806A300264271 /* HeaderModel.swift */; };
		5027043527C806FA00264271 /* HeaderData.swift in Sources */ = {isa = PBXBuildFile; fileRef = 5027043427C806FA00264271 /* HeaderData.swift */; };
		5027043727C8187E00264271 /* DishesView.swift in Sources */ = {isa = PBXBuildFile; fileRef = 5027043627C8187E00264271 /* DishesView.swift */; };
		5027043927C8970900264271 /* FactsView.swift in Sources */ = {isa = PBXBuildFile; fileRef = 5027043827C8970800264271 /* FactsView.swift */; };
		503CA95527BD9DAF00F5627C /* LaunchScreen.storyboard in Resources */ = {isa = PBXBuildFile; fileRef = 503CA95427BD9DAF00F5627C /* LaunchScreen.storyboard */; };
		50499BFD27BCCE0200C176B9 /* AvocadosApp.swift in Sources */ = {isa = PBXBuildFile; fileRef = 50499BFC27BCCE0200C176B9 /* AvocadosApp.swift */; };
		50499BFF27BCCE0200C176B9 /* ContentView.swift in Sources */ = {isa = PBXBuildFile; fileRef = 50499BFE27BCCE0200C176B9 /* ContentView.swift */; };
		50499C0127BCCE0400C176B9 /* Assets.xcassets in Resources */ = {isa = PBXBuildFile; fileRef = 50499C0027BCCE0400C176B9 /* Assets.xcassets */; };
		50499C0427BCCE0400C176B9 /* Preview Assets.xcassets in Resources */ = {isa = PBXBuildFile; fileRef = 50499C0327BCCE0400C176B9 /* Preview Assets.xcassets */; };
		5054300D27C5EFB70094138E /* HeaderView.swift in Sources */ = {isa = PBXBuildFile; fileRef = 5054300C27C5EFB70094138E /* HeaderView.swift */; };
		50B8360227BE4ABF003C6EE2 /* AvocadosView.swift in Sources */ = {isa = PBXBuildFile; fileRef = 50B8360127BE4ABF003C6EE2 /* AvocadosView.swift */; };
		50B8360427BE4C14003C6EE2 /* RipeningStagesView.swift in Sources */ = {isa = PBXBuildFile; fileRef = 50B8360327BE4C14003C6EE2 /* RipeningStagesView.swift */; };
		50B8360627BE4C27003C6EE2 /* SettingsView.swift in Sources */ = {isa = PBXBuildFile; fileRef = 50B8360527BE4C27003C6EE2 /* SettingsView.swift */; };
		50B8360827BE4C75003C6EE2 /* AppView.swift in Sources */ = {isa = PBXBuildFile; fileRef = 50B8360727BE4C75003C6EE2 /* AppView.swift */; };
/* End PBXBuildFile section */

/* Begin PBXFileReference section */
		500842C427CF48BB003B4AED /* RipeningView.swift */ = {isa = PBXFileReference; lastKnownFileType = sourcecode.swift; path = RipeningView.swift; sourceTree = "<group>"; };
		500842C627D0B16D003B4AED /* RipeningModel.swift */ = {isa = PBXFileReference; lastKnownFileType = sourcecode.swift; path = RipeningModel.swift; sourceTree = "<group>"; };
		500842C827D0B2CD003B4AED /* RipeningData.swift */ = {isa = PBXFileReference; lastKnownFileType = sourcecode.swift; path = RipeningData.swift; sourceTree = "<group>"; };
		5020969127CADECE007AF858 /* FactsModel.swift */ = {isa = PBXFileReference; lastKnownFileType = sourcecode.swift; path = FactsModel.swift; sourceTree = "<group>"; };
		5020969327CAE232007AF858 /* FactData.swift */ = {isa = PBXFileReference; lastKnownFileType = sourcecode.swift; path = FactData.swift; sourceTree = "<group>"; };
		5020969527CAECBB007AF858 /* RecipeModel.swift */ = {isa = PBXFileReference; lastKnownFileType = sourcecode.swift; path = RecipeModel.swift; sourceTree = "<group>"; };
		5020969727CAF3B5007AF858 /* RecipeData.swift */ = {isa = PBXFileReference; lastKnownFileType = sourcecode.swift; path = RecipeData.swift; sourceTree = "<group>"; };
		5020969927CAF86F007AF858 /* RecipeCardView.swift */ = {isa = PBXFileReference; lastKnownFileType = sourcecode.swift; path = RecipeCardView.swift; sourceTree = "<group>"; };
		5020969B27CC0B63007AF858 /* RecipeRatingView.swift */ = {isa = PBXFileReference; lastKnownFileType = sourcecode.swift; path = RecipeRatingView.swift; sourceTree = "<group>"; };
		5020969D27CC0CA7007AF858 /* RecipeCookingView.swift */ = {isa = PBXFileReference; lastKnownFileType = sourcecode.swift; path = RecipeCookingView.swift; sourceTree = "<group>"; };
		5020969F27CC2601007AF858 /* RecipeDetailView.swift */ = {isa = PBXFileReference; lastKnownFileType = sourcecode.swift; path = RecipeDetailView.swift; sourceTree = "<group>"; };
		5027043227C806A300264271 /* HeaderModel.swift */ = {isa = PBXFileReference; lastKnownFileType = sourcecode.swift; path = HeaderModel.swift; sourceTree = "<group>"; };
		5027043427C806FA00264271 /* HeaderData.swift */ = {isa = PBXFileReference; lastKnownFileType = sourcecode.swift; path = HeaderData.swift; sourceTree = "<group>"; };
		5027043627C8187E00264271 /* DishesView.swift */ = {isa = PBXFileReference; lastKnownFileType = sourcecode.swift; path = DishesView.swift; sourceTree = "<group>"; };
		5027043827C8970800264271 /* FactsView.swift */ = {isa = PBXFileReference; lastKnownFileType = sourcecode.swift; path = FactsView.swift; sourceTree = "<group>"; };
		503CA95427BD9DAF00F5627C /* LaunchScreen.storyboard */ = {isa = PBXFileReference; lastKnownFileType = file.storyboard; path = LaunchScreen.storyboard; sourceTree = "<group>"; };
		50499BF927BCCE0200C176B9 /* Avocados.app */ = {isa = PBXFileReference; explicitFileType = wrapper.application; includeInIndex = 0; path = Avocados.app; sourceTree = BUILT_PRODUCTS_DIR; };
		50499BFC27BCCE0200C176B9 /* AvocadosApp.swift */ = {isa = PBXFileReference; lastKnownFileType = sourcecode.swift; path = AvocadosApp.swift; sourceTree = "<group>"; };
		50499BFE27BCCE0200C176B9 /* ContentView.swift */ = {isa = PBXFileReference; lastKnownFileType = sourcecode.swift; path = ContentView.swift; sourceTree = "<group>"; };
		50499C0027BCCE0400C176B9 /* Assets.xcassets */ = {isa = PBXFileReference; lastKnownFileType = folder.assetcatalog; path = Assets.xcassets; sourceTree = "<group>"; };
		50499C0327BCCE0400C176B9 /* Preview Assets.xcassets */ = {isa = PBXFileReference; lastKnownFileType = folder.assetcatalog; path = "Preview Assets.xcassets"; sourceTree = "<group>"; };
		5054300C27C5EFB70094138E /* HeaderView.swift */ = {isa = PBXFileReference; lastKnownFileType = sourcecode.swift; path = HeaderView.swift; sourceTree = "<group>"; };
		50B8360127BE4ABF003C6EE2 /* AvocadosView.swift */ = {isa = PBXFileReference; lastKnownFileType = sourcecode.swift; path = AvocadosView.swift; sourceTree = "<group>"; };
		50B8360327BE4C14003C6EE2 /* RipeningStagesView.swift */ = {isa = PBXFileReference; lastKnownFileType = sourcecode.swift; path = RipeningStagesView.swift; sourceTree = "<group>"; };
		50B8360527BE4C27003C6EE2 /* SettingsView.swift */ = {isa = PBXFileReference; lastKnownFileType = sourcecode.swift; path = SettingsView.swift; sourceTree = "<group>"; };
		50B8360727BE4C75003C6EE2 /* AppView.swift */ = {isa = PBXFileReference; lastKnownFileType = sourcecode.swift; path = AppView.swift; sourceTree = "<group>"; };
/* End PBXFileReference section */

/* Begin PBXFrameworksBuildPhase section */
		50499BF627BCCE0200C176B9 /* Frameworks */ = {
			isa = PBXFrameworksBuildPhase;
			buildActionMask = 2147483647;
			files = (
			);
			runOnlyForDeploymentPostprocessing = 0;
		};
/* End PBXFrameworksBuildPhase section */

/* Begin PBXGroup section */
		50499BF027BCCE0200C176B9 = {
			isa = PBXGroup;
			children = (
				50499BFB27BCCE0200C176B9 /* Avocados */,
				50499BFA27BCCE0200C176B9 /* Products */,
			);
			sourceTree = "<group>";
		};
		50499BFA27BCCE0200C176B9 /* Products */ = {
			isa = PBXGroup;
			children = (
				50499BF927BCCE0200C176B9 /* Avocados.app */,
			);
			name = Products;
			sourceTree = "<group>";
		};
		50499BFB27BCCE0200C176B9 /* Avocados */ = {
			isa = PBXGroup;
			children = (
				50B835FF27BE49A4003C6EE2 /* View */,
				50B8360027BE49AB003C6EE2 /* Model */,
				50B835FE27BE498F003C6EE2 /* Data */,
				50499BFC27BCCE0200C176B9 /* AvocadosApp.swift */,
				50499C0027BCCE0400C176B9 /* Assets.xcassets */,
				503CA95427BD9DAF00F5627C /* LaunchScreen.storyboard */,
				50499C0227BCCE0400C176B9 /* Preview Content */,
			);
			path = Avocados;
			sourceTree = "<group>";
		};
		50499C0227BCCE0400C176B9 /* Preview Content */ = {
			isa = PBXGroup;
			children = (
				50499C0327BCCE0400C176B9 /* Preview Assets.xcassets */,
			);
			path = "Preview Content";
			sourceTree = "<group>";
		};
		50B835FE27BE498F003C6EE2 /* Data */ = {
			isa = PBXGroup;
			children = (
				5027043427C806FA00264271 /* HeaderData.swift */,
				5020969327CAE232007AF858 /* FactData.swift */,
				5020969727CAF3B5007AF858 /* RecipeData.swift */,
				500842C827D0B2CD003B4AED /* RipeningData.swift */,
			);
			path = Data;
			sourceTree = "<group>";
		};
		50B835FF27BE49A4003C6EE2 /* View */ = {
			isa = PBXGroup;
			children = (
				50499BFE27BCCE0200C176B9 /* ContentView.swift */,
				5054300C27C5EFB70094138E /* HeaderView.swift */,
				50B8360127BE4ABF003C6EE2 /* AvocadosView.swift */,
				50B8360327BE4C14003C6EE2 /* RipeningStagesView.swift */,
				50B8360527BE4C27003C6EE2 /* SettingsView.swift */,
				50B8360727BE4C75003C6EE2 /* AppView.swift */,
				5027043627C8187E00264271 /* DishesView.swift */,
				5027043827C8970800264271 /* FactsView.swift */,
				5020969927CAF86F007AF858 /* RecipeCardView.swift */,
				500842C427CF48BB003B4AED /* RipeningView.swift */,
				5020969F27CC2601007AF858 /* RecipeDetailView.swift */,
				5020969B27CC0B63007AF858 /* RecipeRatingView.swift */,
				5020969D27CC0CA7007AF858 /* RecipeCookingView.swift */,
			);
			path = View;
			sourceTree = "<group>";
		};
		50B8360027BE49AB003C6EE2 /* Model */ = {
			isa = PBXGroup;
			children = (
				5027043227C806A300264271 /* HeaderModel.swift */,
				5020969127CADECE007AF858 /* FactsModel.swift */,
				5020969527CAECBB007AF858 /* RecipeModel.swift */,
				500842C627D0B16D003B4AED /* RipeningModel.swift */,
			);
			path = Model;
			sourceTree = "<group>";
		};
/* End PBXGroup section */

/* Begin PBXNativeTarget section */
		50499BF827BCCE0200C176B9 /* Avocados */ = {
			isa = PBXNativeTarget;
			buildConfigurationList = 50499C0727BCCE0400C176B9 /* Build configuration list for PBXNativeTarget "Avocados" */;
			buildPhases = (
				50499BF527BCCE0200C176B9 /* Sources */,
				50499BF627BCCE0200C176B9 /* Frameworks */,
				50499BF727BCCE0200C176B9 /* Resources */,
			);
			buildRules = (
			);
			dependencies = (
			);
			name = Avocados;
			productName = Avocados;
			productReference = 50499BF927BCCE0200C176B9 /* Avocados.app */;
			productType = "com.apple.product-type.application";
		};
/* End PBXNativeTarget section */

/* Begin PBXProject section */
		50499BF127BCCE0200C176B9 /* Project object */ = {
			isa = PBXProject;
			attributes = {
				BuildIndependentTargetsInParallel = 1;
				LastSwiftUpdateCheck = 1320;
				LastUpgradeCheck = 1320;
				TargetAttributes = {
					50499BF827BCCE0200C176B9 = {
						CreatedOnToolsVersion = 13.2.1;
					};
				};
			};
			buildConfigurationList = 50499BF427BCCE0200C176B9 /* Build configuration list for PBXProject "Avocados" */;
			compatibilityVersion = "Xcode 13.0";
			developmentRegion = en;
			hasScannedForEncodings = 0;
			knownRegions = (
				en,
				Base,
			);
			mainGroup = 50499BF027BCCE0200C176B9;
			productRefGroup = 50499BFA27BCCE0200C176B9 /* Products */;
			projectDirPath = "";
			projectRoot = "";
			targets = (
				50499BF827BCCE0200C176B9 /* Avocados */,
			);
		};
/* End PBXProject section */

/* Begin PBXResourcesBuildPhase section */
		50499BF727BCCE0200C176B9 /* Resources */ = {
			isa = PBXResourcesBuildPhase;
			buildActionMask = 2147483647;
			files = (
				503CA95527BD9DAF00F5627C /* LaunchScreen.storyboard in Resources */,
				50499C0427BCCE0400C176B9 /* Preview Assets.xcassets in Resources */,
				50499C0127BCCE0400C176B9 /* Assets.xcassets in Resources */,
			);
			runOnlyForDeploymentPostprocessing = 0;
		};
/* End PBXResourcesBuildPhase section */

/* Begin PBXSourcesBuildPhase section */
		50499BF527BCCE0200C176B9 /* Sources */ = {
			isa = PBXSourcesBuildPhase;
			buildActionMask = 2147483647;
			files = (
				50B8360627BE4C27003C6EE2 /* SettingsView.swift in Sources */,
				5020969C27CC0B63007AF858 /* RecipeRatingView.swift in Sources */,
				500842C727D0B16D003B4AED /* RipeningModel.swift in Sources */,
				50499BFF27BCCE0200C176B9 /* ContentView.swift in Sources */,
				50B8360827BE4C75003C6EE2 /* AppView.swift in Sources */,
				500842C927D0B2CD003B4AED /* RipeningData.swift in Sources */,
				50B8360427BE4C14003C6EE2 /* RipeningStagesView.swift in Sources */,
				50499BFD27BCCE0200C176B9 /* AvocadosApp.swift in Sources */,
				5020969227CADECE007AF858 /* FactsModel.swift in Sources */,
				50B8360227BE4ABF003C6EE2 /* AvocadosView.swift in Sources */,
				5020969627CAECBB007AF858 /* RecipeModel.swift in Sources */,
				5027043327C806A300264271 /* HeaderModel.swift in Sources */,
				5027043527C806FA00264271 /* HeaderData.swift in Sources */,
				5020969E27CC0CA7007AF858 /* RecipeCookingView.swift in Sources */,
				500842C527CF48BB003B4AED /* RipeningView.swift in Sources */,
				5027043727C8187E00264271 /* DishesView.swift in Sources */,
				5027043927C8970900264271 /* FactsView.swift in Sources */,
				5020969A27CAF870007AF858 /* RecipeCardView.swift in Sources */,
				5020969827CAF3B5007AF858 /* RecipeData.swift in Sources */,
				5054300D27C5EFB70094138E /* HeaderView.swift in Sources */,
				502096A027CC2601007AF858 /* RecipeDetailView.swift in Sources */,
				5020969427CAE232007AF858 /* FactData.swift in Sources */,
			);
			runOnlyForDeploymentPostprocessing = 0;
		};
/* End PBXSourcesBuildPhase section */

/* Begin XCBuildConfiguration section */
		50499C0527BCCE0400C176B9 /* Debug */ = {
			isa = XCBuildConfiguration;
			buildSettings = {
				ALWAYS_SEARCH_USER_PATHS = NO;
				CLANG_ANALYZER_NONNULL = YES;
				CLANG_ANALYZER_NUMBER_OBJECT_CONVERSION = YES_AGGRESSIVE;
				CLANG_CXX_LANGUAGE_STANDARD = "gnu++17";
				CLANG_CXX_LIBRARY = "libc++";
				CLANG_ENABLE_MODULES = YES;
				CLANG_ENABLE_OBJC_ARC = YES;
				CLANG_ENABLE_OBJC_WEAK = YES;
				CLANG_WARN_BLOCK_CAPTURE_AUTORELEASING = YES;
				CLANG_WARN_BOOL_CONVERSION = YES;
				CLANG_WARN_COMMA = YES;
				CLANG_WARN_CONSTANT_CONVERSION = YES;
				CLANG_WARN_DEPRECATED_OBJC_IMPLEMENTATIONS = YES;
				CLANG_WARN_DIRECT_OBJC_ISA_USAGE = YES_ERROR;
				CLANG_WARN_DOCUMENTATION_COMMENTS = YES;
				CLANG_WARN_EMPTY_BODY = YES;
				CLANG_WARN_ENUM_CONVERSION = YES;
				CLANG_WARN_INFINITE_RECURSION = YES;
				CLANG_WARN_INT_CONVERSION = YES;
				CLANG_WARN_NON_LITERAL_NULL_CONVERSION = YES;
				CLANG_WARN_OBJC_IMPLICIT_RETAIN_SELF = YES;
				CLANG_WARN_OBJC_LITERAL_CONVERSION = YES;
				CLANG_WARN_OBJC_ROOT_CLASS = YES_ERROR;
				CLANG_WARN_QUOTED_INCLUDE_IN_FRAMEWORK_HEADER = YES;
				CLANG_WARN_RANGE_LOOP_ANALYSIS = YES;
				CLANG_WARN_STRICT_PROTOTYPES = YES;
				CLANG_WARN_SUSPICIOUS_MOVE = YES;
				CLANG_WARN_UNGUARDED_AVAILABILITY = YES_AGGRESSIVE;
				CLANG_WARN_UNREACHABLE_CODE = YES;
				CLANG_WARN__DUPLICATE_METHOD_MATCH = YES;
				COPY_PHASE_STRIP = NO;
				DEBUG_INFORMATION_FORMAT = dwarf;
				ENABLE_STRICT_OBJC_MSGSEND = YES;
				ENABLE_TESTABILITY = YES;
				GCC_C_LANGUAGE_STANDARD = gnu11;
				GCC_DYNAMIC_NO_PIC = NO;
				GCC_NO_COMMON_BLOCKS = YES;
				GCC_OPTIMIZATION_LEVEL = 0;
				GCC_PREPROCESSOR_DEFINITIONS = (
					"DEBUG=1",
					"$(inherited)",
				);
				GCC_WARN_64_TO_32_BIT_CONVERSION = YES;
				GCC_WARN_ABOUT_RETURN_TYPE = YES_ERROR;
				GCC_WARN_UNDECLARED_SELECTOR = YES;
				GCC_WARN_UNINITIALIZED_AUTOS = YES_AGGRESSIVE;
				GCC_WARN_UNUSED_FUNCTION = YES;
				GCC_WARN_UNUSED_VARIABLE = YES;
				IPHONEOS_DEPLOYMENT_TARGET = 15.2;
				MTL_ENABLE_DEBUG_INFO = INCLUDE_SOURCE;
				MTL_FAST_MATH = YES;
				ONLY_ACTIVE_ARCH = YES;
				SDKROOT = iphoneos;
				SWIFT_ACTIVE_COMPILATION_CONDITIONS = DEBUG;
				SWIFT_OPTIMIZATION_LEVEL = "-Onone";
			};
			name = Debug;
		};
		50499C0627BCCE0400C176B9 /* Release */ = {
			isa = XCBuildConfiguration;
			buildSettings = {
				ALWAYS_SEARCH_USER_PATHS = NO;
				CLANG_ANALYZER_NONNULL = YES;
				CLANG_ANALYZER_NUMBER_OBJECT_CONVERSION = YES_AGGRESSIVE;
				CLANG_CXX_LANGUAGE_STANDARD = "gnu++17";
				CLANG_CXX_LIBRARY = "libc++";
				CLANG_ENABLE_MODULES = YES;
				CLANG_ENABLE_OBJC_ARC = YES;
				CLANG_ENABLE_OBJC_WEAK = YES;
				CLANG_WARN_BLOCK_CAPTURE_AUTORELEASING = YES;
				CLANG_WARN_BOOL_CONVERSION = YES;
				CLANG_WARN_COMMA = YES;
				CLANG_WARN_CONSTANT_CONVERSION = YES;
				CLANG_WARN_DEPRECATED_OBJC_IMPLEMENTATIONS = YES;
				CLANG_WARN_DIRECT_OBJC_ISA_USAGE = YES_ERROR;
				CLANG_WARN_DOCUMENTATION_COMMENTS = YES;
				CLANG_WARN_EMPTY_BODY = YES;
				CLANG_WARN_ENUM_CONVERSION = YES;
				CLANG_WARN_INFINITE_RECURSION = YES;
				CLANG_WARN_INT_CONVERSION = YES;
				CLANG_WARN_NON_LITERAL_NULL_CONVERSION = YES;
				CLANG_WARN_OBJC_IMPLICIT_RETAIN_SELF = YES;
				CLANG_WARN_OBJC_LITERAL_CONVERSION = YES;
				CLANG_WARN_OBJC_ROOT_CLASS = YES_ERROR;
				CLANG_WARN_QUOTED_INCLUDE_IN_FRAMEWORK_HEADER = YES;
				CLANG_WARN_RANGE_LOOP_ANALYSIS = YES;
				CLANG_WARN_STRICT_PROTOTYPES = YES;
				CLANG_WARN_SUSPICIOUS_MOVE = YES;
				CLANG_WARN_UNGUARDED_AVAILABILITY = YES_AGGRESSIVE;
				CLANG_WARN_UNREACHABLE_CODE = YES;
				CLANG_WARN__DUPLICATE_METHOD_MATCH = YES;
				COPY_PHASE_STRIP = NO;
				DEBUG_INFORMATION_FORMAT = "dwarf-with-dsym";
				ENABLE_NS_ASSERTIONS = NO;
				ENABLE_STRICT_OBJC_MSGSEND = YES;
				GCC_C_LANGUAGE_STANDARD = gnu11;
				GCC_NO_COMMON_BLOCKS = YES;
				GCC_WARN_64_TO_32_BIT_CONVERSION = YES;
				GCC_WARN_ABOUT_RETURN_TYPE = YES_ERROR;
				GCC_WARN_UNDECLARED_SELECTOR = YES;
				GCC_WARN_UNINITIALIZED_AUTOS = YES_AGGRESSIVE;
				GCC_WARN_UNUSED_FUNCTION = YES;
				GCC_WARN_UNUSED_VARIABLE = YES;
				IPHONEOS_DEPLOYMENT_TARGET = 15.2;
				MTL_ENABLE_DEBUG_INFO = NO;
				MTL_FAST_MATH = YES;
				SDKROOT = iphoneos;
				SWIFT_COMPILATION_MODE = wholemodule;
				SWIFT_OPTIMIZATION_LEVEL = "-O";
				VALIDATE_PRODUCT = YES;
			};
			name = Release;
		};
		50499C0827BCCE0400C176B9 /* Debug */ = {
			isa = XCBuildConfiguration;
			buildSettings = {
				ASSETCATALOG_COMPILER_APPICON_NAME = AppIcon;
				ASSETCATALOG_COMPILER_GLOBAL_ACCENT_COLOR_NAME = AccentColor;
				ASSETCATALOG_COMPILER_INCLUDE_ALL_APPICON_ASSETS = YES;
				CODE_SIGN_IDENTITY = "Apple Development";
				CODE_SIGN_STYLE = Automatic;
				CURRENT_PROJECT_VERSION = 1;
				DEVELOPMENT_ASSET_PATHS = "\"Avocados/Preview Content\"";
				DEVELOPMENT_TEAM = 83GQRM67B7;
				ENABLE_PREVIEWS = YES;
				GENERATE_INFOPLIST_FILE = YES;
				INFOPLIST_KEY_CFBundleDisplayName = AvocApp;
				INFOPLIST_KEY_UIApplicationSceneManifest_Generation = YES;
				INFOPLIST_KEY_UIApplicationSupportsIndirectInputEvents = YES;
				INFOPLIST_KEY_UILaunchScreen_Generation = YES;
				INFOPLIST_KEY_UILaunchStoryboardName = LaunchScreen;
				INFOPLIST_KEY_UISupportedInterfaceOrientations = UIInterfaceOrientationPortrait;
				INFOPLIST_KEY_UISupportedInterfaceOrientations_iPad = "UIInterfaceOrientationPortrait UIInterfaceOrientationPortraitUpsideDown UIInterfaceOrientationLandscapeLeft UIInterfaceOrientationLandscapeRight";
				INFOPLIST_KEY_UISupportedInterfaceOrientations_iPhone = "UIInterfaceOrientationPortrait UIInterfaceOrientationLandscapeLeft UIInterfaceOrientationLandscapeRight";
				LD_RUNPATH_SEARCH_PATHS = (
					"$(inherited)",
					"@executable_path/Frameworks",
				);
				MARKETING_VERSION = 1.0;
				PRODUCT_BUNDLE_IDENTIFIER = chamuel.castillo.Avocados;
				PRODUCT_NAME = "$(TARGET_NAME)";
				PROVISIONING_PROFILE_SPECIFIER = "";
				SWIFT_EMIT_LOC_STRINGS = YES;
				SWIFT_VERSION = 5.0;
				TARGETED_DEVICE_FAMILY = "1,2";
			};
			name = Debug;
		};
		50499C0927BCCE0400C176B9 /* Release */ = {
			isa = XCBuildConfiguration;
			buildSettings = {
				ASSETCATALOG_COMPILER_APPICON_NAME = AppIcon;
				ASSETCATALOG_COMPILER_GLOBAL_ACCENT_COLOR_NAME = AccentColor;
				ASSETCATALOG_COMPILER_INCLUDE_ALL_APPICON_ASSETS = YES;
				CODE_SIGN_IDENTITY = "Apple Development";
				CODE_SIGN_STYLE = Automatic;
				CURRENT_PROJECT_VERSION = 1;
				DEVELOPMENT_ASSET_PATHS = "\"Avocados/Preview Content\"";
				DEVELOPMENT_TEAM = 83GQRM67B7;
				ENABLE_PREVIEWS = YES;
				GENERATE_INFOPLIST_FILE = YES;
				INFOPLIST_KEY_CFBundleDisplayName = AvocApp;
				INFOPLIST_KEY_UIApplicationSceneManifest_Generation = YES;
				INFOPLIST_KEY_UIApplicationSupportsIndirectInputEvents = YES;
				INFOPLIST_KEY_UILaunchScreen_Generation = YES;
				INFOPLIST_KEY_UILaunchStoryboardName = LaunchScreen;
				INFOPLIST_KEY_UISupportedInterfaceOrientations = UIInterfaceOrientationPortrait;
				INFOPLIST_KEY_UISupportedInterfaceOrientations_iPad = "UIInterfaceOrientationPortrait UIInterfaceOrientationPortraitUpsideDown UIInterfaceOrientationLandscapeLeft UIInterfaceOrientationLandscapeRight";
				INFOPLIST_KEY_UISupportedInterfaceOrientations_iPhone = "UIInterfaceOrientationPortrait UIInterfaceOrientationLandscapeLeft UIInterfaceOrientationLandscapeRight";
				LD_RUNPATH_SEARCH_PATHS = (
					"$(inherited)",
					"@executable_path/Frameworks",
				);
				MARKETING_VERSION = 1.0;
				PRODUCT_BUNDLE_IDENTIFIER = chamuel.castillo.Avocados;
				PRODUCT_NAME = "$(TARGET_NAME)";
				PROVISIONING_PROFILE_SPECIFIER = "";
				SWIFT_EMIT_LOC_STRINGS = YES;
				SWIFT_VERSION = 5.0;
				TARGETED_DEVICE_FAMILY = "1,2";
			};
			name = Release;
		};
/* End XCBuildConfiguration section */

/* Begin XCConfigurationList section */
		50499BF427BCCE0200C176B9 /* Build configuration list for PBXProject "Avocados" */ = {
			isa = XCConfigurationList;
			buildConfigurations = (
				50499C0527BCCE0400C176B9 /* Debug */,
				50499C0627BCCE0400C176B9 /* Release */,
			);
			defaultConfigurationIsVisible = 0;
			defaultConfigurationName = Release;
		};
		50499C0727BCCE0400C176B9 /* Build configuration list for PBXNativeTarget "Avocados" */ = {
			isa = XCConfigurationList;
			buildConfigurations = (
				50499C0827BCCE0400C176B9 /* Debug */,
				50499C0927BCCE0400C176B9 /* Release */,
			);
			defaultConfigurationIsVisible = 0;
			defaultConfigurationName = Release;
		};
/* End XCConfigurationList section */
	};
	rootObject = 50499BF127BCCE0200C176B9 /* Project object */;
}
